// !$*UTF8*$!
{
	archiveVersion = 1;
	classes = {
	};
	objectVersion = 47;
	objects = {

/* Begin PBXFileReference section */
		56C62AB02147785000AF3D77 /* .git */ = {isa = PBXFileReference; lastKnownFileType = folder; path = .git; sourceTree = "<group>"; };
		56C62AB12147785000AF3D77 /* .gitignore */ = {isa = PBXFileReference; lastKnownFileType = text; path = .gitignore; sourceTree = "<group>"; };
		56C62AB22147785000AF3D77 /* auteur */ = {isa = PBXFileReference; lastKnownFileType = text; path = auteur; sourceTree = "<group>"; };
		56C62AB32147785000AF3D77 /* fillit */ = {isa = PBXFileReference; lastKnownFileType = "compiled.mach-o.executable"; path = fillit; sourceTree = "<group>"; };
		56C62AB42147785000AF3D77 /* includes */ = {isa = PBXFileReference; lastKnownFileType = folder; path = includes; sourceTree = "<group>"; };
		56C62AB52147785000AF3D77 /* lib */ = {isa = PBXFileReference; lastKnownFileType = folder; path = lib; sourceTree = "<group>"; };
		56C62AB62147785000AF3D77 /* Makefile */ = {isa = PBXFileReference; lastKnownFileType = sourcecode.make; path = Makefile; sourceTree = "<group>"; };
		56C62AB72147785000AF3D77 /* README.md */ = {isa = PBXFileReference; lastKnownFileType = net.daringfireball.markdown; path = README.md; sourceTree = "<group>"; };
		56C62AB82147785000AF3D77 /* samples */ = {isa = PBXFileReference; lastKnownFileType = folder; path = samples; sourceTree = "<group>"; };
		56C62AB92147785000AF3D77 /* src */ = {isa = PBXFileReference; lastKnownFileType = folder; path = src; sourceTree = "<group>"; };
/* End PBXFileReference section */

/* Begin PBXGroup section */
		56C62AAA2147785000AF3D77 = {
			isa = PBXGroup;
			children = (
				56C62AB02147785000AF3D77 /* .git */,
				56C62AB12147785000AF3D77 /* .gitignore */,
				56C62AB22147785000AF3D77 /* auteur */,
				56C62AB32147785000AF3D77 /* fillit */,
				56C62AB42147785000AF3D77 /* includes */,
				56C62AB52147785000AF3D77 /* lib */,
				56C62AB62147785000AF3D77 /* Makefile */,
				56C62AB72147785000AF3D77 /* README.md */,
				56C62AB82147785000AF3D77 /* samples */,
				56C62AB92147785000AF3D77 /* src */,
			);
			sourceTree = "<group>";
		};
/* End PBXGroup section */

/* Begin PBXLegacyTarget section */
		56C62AAF2147785000AF3D77 /* 42-fillit */ = {
			isa = PBXLegacyTarget;
			buildArgumentsString = "$(ACTION)";
			buildConfigurationList = 56C62ABA2147785000AF3D77 /* Build configuration list for PBXLegacyTarget "42-fillit" */;
			buildPhases = (
			);
			buildToolPath = /usr/bin/make;
			buildWorkingDirectory = "/Users/smykhailenko/projects/42-fillit";
			dependencies = (
			);
			name = "42-fillit";
			passBuildSettingsInEnvironment = 1;
			productName = "42-fillit";
		};
/* End PBXLegacyTarget section */

/* Begin PBXProject section */
		56C62AAB2147785000AF3D77 /* Project object */ = {
			isa = PBXProject;
			attributes = {
				LastUpgradeCheck = 0730;
			};
			buildConfigurationList = 56C62AAE2147785000AF3D77 /* Build configuration list for PBXProject "42-fillit" */;
			compatibilityVersion = "Xcode 6.3";
			developmentRegion = English;
			hasScannedForEncodings = 0;
			knownRegions = (
				en,
			);
			mainGroup = 56C62AAA2147785000AF3D77;
			projectDirPath = "";
			projectRoot = "";
			targets = (
				56C62AAF2147785000AF3D77 /* 42-fillit */,
			);
		};
/* End PBXProject section */

/* Begin XCBuildConfiguration section */
		56C62AAC2147785000AF3D77 /* Debug */ = {
			isa = XCBuildConfiguration;
			buildSettings = {
				COPY_PHASE_STRIP = NO;
				ENABLE_TESTABILITY = YES;
				GCC_WARN_ABOUT_RETURN_TYPE = YES;
				GCC_WARN_UNUSED_VARIABLE = YES;
				ONLY_ACTIVE_ARCH = YES;
				SDKROOT = macosx;
			};
			name = Debug;
		};
		56C62AAD2147785000AF3D77 /* Release */ = {
			isa = XCBuildConfiguration;
			buildSettings = {
				COPY_PHASE_STRIP = YES;
				GCC_WARN_ABOUT_RETURN_TYPE = YES;
				GCC_WARN_UNUSED_VARIABLE = YES;
				SDKROOT = macosx;
			};
			name = Release;
		};
		56C62ABB2147785000AF3D77 /* Debug */ = {
			isa = XCBuildConfiguration;
			buildSettings = {
				COPY_PHASE_STRIP = NO;
				DEBUGGING_SYMBOLS = YES;
				GCC_DYNAMIC_NO_PIC = NO;
				GCC_ENABLE_FIX_AND_CONTINUE = YES;
				GCC_GENERATE_DEBUGGING_SYMBOLS = YES;
				GCC_OPTIMIZATION_LEVEL = 0;
				OTHER_CFLAGS = "";
				OTHER_LDFLAGS = "";
				PRODUCT_NAME = "42-fillit";
			};
			name = Debug;
		};
		56C62ABC2147785000AF3D77 /* Release */ = {
			isa = XCBuildConfiguration;
			buildSettings = {
				COPY_PHASE_STRIP = YES;
				DEBUG_INFORMATION_FORMAT = "dwarf-with-dsym";
				GCC_ENABLE_FIX_AND_CONTINUE = NO;
				OTHER_CFLAGS = "";
				OTHER_LDFLAGS = "";
				PRODUCT_NAME = "42-fillit";
			};
			name = Release;
		};
/* End XCBuildConfiguration section */

/* Begin XCConfigurationList section */
		56C62AAE2147785000AF3D77 /* Build configuration list for PBXProject "42-fillit" */ = {
			isa = XCConfigurationList;
			buildConfigurations = (
				56C62AAC2147785000AF3D77 /* Debug */,
				56C62AAD2147785000AF3D77 /* Release */,
			);
			defaultConfigurationIsVisible = 0;
			defaultConfigurationName = Release;
		};
		56C62ABA2147785000AF3D77 /* Build configuration list for PBXLegacyTarget "42-fillit" */ = {
			isa = XCConfigurationList;
			buildConfigurations = (
				56C62ABB2147785000AF3D77 /* Debug */,
				56C62ABC2147785000AF3D77 /* Release */,
			);
			defaultConfigurationIsVisible = 0;
			defaultConfigurationName = Release;
		};
/* End XCConfigurationList section */
	};
	rootObject = 56C62AAB2147785000AF3D77 /* Project object */;
}
